
Microsoft Visual Studio Solution File, Format Version 12.00
# Visual Studio Version 17
VisualStudioVersion = 17.4.33205.214
MinimumVisualStudioVersion = 10.0.40219.1
Project("{FAE04EC0-301F-11D3-BF4B-00C04F79EFBC}") = "ExoApiProject.WebApi", "ExoApiProject.WebApi\ExoApiProject.WebApi.csproj", "{086BCEED-09CB-4F03-BABA-353851B0F5BC}"
EndProject
Global
	GlobalSection(SolutionConfigurationPlatforms) = preSolution
		Debug|Any CPU = Debug|Any CPU
		Release|Any CPU = Release|Any CPU
	EndGlobalSection
	GlobalSection(ProjectConfigurationPlatforms) = postSolution
		{086BCEED-09CB-4F03-BABA-353851B0F5BC}.Debug|Any CPU.ActiveCfg = Debug|Any CPU
		{086BCEED-09CB-4F03-BABA-353851B0F5BC}.Debug|Any CPU.Build.0 = Debug|Any CPU
		{086BCEED-09CB-4F03-BABA-353851B0F5BC}.Release|Any CPU.ActiveCfg = Release|Any CPU
		{086BCEED-09CB-4F03-BABA-353851B0F5BC}.Release|Any CPU.Build.0 = Release|Any CPU
	EndGlobalSection
	GlobalSection(SolutionProperties) = preSolution
		HideSolutionNode = FALSE
	EndGlobalSection
	GlobalSection(ExtensibilityGlobals) = postSolution
		SolutionGuid = {0F45B2E0-ECD1-4E20-9DD7-B75452FA1180}
	EndGlobalSection
EndGlobal
